#MicroXplorer Configuration settings - do not modify
Mcu.Family=STM32F4
PH12.GPIOParameters=GPIO_Speed,PinState,GPIO_Label
ProjectManager.MainLocation=Core/Src
ProjectManager.ProjectFileName=SPI_Flash.ioc
RCC.CortexFreq_Value=180000000
PH12.Signal=GPIO_Output
PH12.Locked=true
ProjectManager.KeepUserCode=true
Mcu.UserName=STM32F429IGTx
Mcu.PinsNb=14
PH10.Signal=GPIO_Output
PH11.Signal=GPIO_Output
PH12.GPIO_Label=LED_B
ProjectManager.NoMain=false
PH12.GPIO_Speed=GPIO_SPEED_FREQ_MEDIUM
PH10.PinState=GPIO_PIN_SET
RCC.PLLCLKFreq_Value=180000000
RCC.PLLQCLKFreq_Value=90000000
ProjectManager.functionlistsort=1-MX_GPIO_Init-GPIO-false-HAL-true,2-SystemClock_Config-RCC-false-HAL-false,3-MX_SPI5_Init-SPI5-false-HAL-true
PH10.Locked=true
RCC.RTCFreq_Value=32000
ProjectManager.DefaultFWLocation=true
RCC.VCOSAIOutputFreq_ValueQ=24500000
PC14/OSC32_IN.Mode=LSE-External-Oscillator
RCC.VCOSAIOutputFreq_ValueR=49000000
ProjectManager.DeletePrevious=true
RCC.APB1CLKDivider=RCC_HCLK_DIV4
SPI5.Mode=SPI_MODE_MASTER
PinOutPanel.RotationAngle=0
PF6.GPIO_Label=W25Q_CS
RCC.FamilyName=M
RCC.SYSCLKSource=RCC_SYSCLKSOURCE_PLLCLK
ProjectManager.StackSize=0x400
RCC.SAI_BClocksFreq_Value=24500000
PA13.Signal=SYS_JTMS-SWDIO
PF7.Mode=Full_Duplex_Master
PH11.GPIO_Speed=GPIO_SPEED_FREQ_MEDIUM
RCC.FCLKCortexFreq_Value=180000000
NVIC.SVCall_IRQn=true\:0\:0\:false\:false\:true\:false\:false
Mcu.IP2=SPI5
Mcu.IP3=SYS
Mcu.IP0=NVIC
Mcu.IP1=RCC
Mcu.UserConstants=
PH11.GPIOParameters=GPIO_Speed,PinState,GPIO_Label
PF6.Signal=GPIO_Output
PF6.PinState=GPIO_PIN_SET
ProjectManager.TargetToolchain=STM32CubeIDE
PF7.Signal=SPI5_SCK
RCC.LCDTFTFreq_Value=24500000
Mcu.ThirdPartyNb=0
PF6.Locked=true
PH0/OSC_IN.Mode=HSE-External-Oscillator
RCC.HCLKFreq_Value=180000000
Mcu.IPNb=4
RCC.I2SClocksFreq_Value=192000000
ProjectManager.PreviousToolchain=
PH11.PinState=GPIO_PIN_SET
RCC.APB2TimFreq_Value=180000000
PH11.GPIO_Label=LED_G
RCC.VcooutputI2S=192000000
RCC.VcooutputI2SQ=192000000
PH1/OSC_OUT.Signal=RCC_OSC_OUT
Mcu.Pin6=PH0/OSC_IN
Mcu.Pin7=PH1/OSC_OUT
ProjectManager.RegisterCallBack=
Mcu.Pin8=PH10
Mcu.Pin9=PH11
RCC.VCOSAIOutputFreq_Value=98000000
PH11.Locked=true
RCC.AHBFreq_Value=180000000
Mcu.Pin0=PC14/OSC32_IN
PH10.GPIO_Label=LED_R
Mcu.Pin1=PC15/OSC32_OUT
GPIO.groupedBy=Group By Peripherals
Mcu.Pin2=PF6
Mcu.Pin3=PF7
Mcu.Pin4=PF8
RCC.VCOI2SOutputFreq_Value=384000000
Mcu.Pin5=PF9
ProjectManager.ProjectBuild=false
RCC.HSE_VALUE=25000000
NVIC.UsageFault_IRQn=true\:0\:0\:false\:false\:true\:false\:false
NVIC.DebugMonitor_IRQn=true\:0\:0\:false\:false\:true\:false\:false
board=custom
RCC.VCOOutputFreq_Value=360000000
NVIC.SysTick_IRQn=true\:0\:0\:false\:false\:true\:false\:true
ProjectManager.LastFirmware=true
ProjectManager.FirmwarePackage=STM32Cube FW_F4 V1.26.0
PH0/OSC_IN.Signal=RCC_OSC_IN
MxDb.Version=DB.6.0.20
RCC.APB2Freq_Value=90000000
PF9.Mode=Full_Duplex_Master
ProjectManager.BackupPrevious=false
MxCube.Version=6.2.0
RCC.VCOInputFreq_Value=2000000
PF8.GPIO_PuPd=GPIO_PULLUP
PA14.Mode=Serial_Wire
File.Version=6
VP_SYS_VS_Systick.Mode=SysTick
RCC.EthernetFreq_Value=180000000
PF8.Mode=Full_Duplex_Master
NVIC.NonMaskableInt_IRQn=true\:0\:0\:false\:false\:true\:false\:false
NVIC.PendSV_IRQn=true\:0\:0\:false\:false\:true\:false\:false
PA13.Mode=Serial_Wire
ProjectManager.FreePins=false
RCC.IPParameters=48MHZClocksFreq_Value,AHBFreq_Value,APB1CLKDivider,APB1Freq_Value,APB1TimFreq_Value,APB2CLKDivider,APB2Freq_Value,APB2TimFreq_Value,CortexFreq_Value,EthernetFreq_Value,FCLKCortexFreq_Value,FamilyName,HCLKFreq_Value,HSE_VALUE,HSI_VALUE,I2SClocksFreq_Value,LCDTFTFreq_Value,LSI_VALUE,MCO2PinFreq_Value,PLLCLKFreq_Value,PLLM,PLLN,PLLQCLKFreq_Value,RTCFreq_Value,RTCHSEDivFreq_Value,SAI_AClocksFreq_Value,SAI_BClocksFreq_Value,SYSCLKFreq_VALUE,SYSCLKSource,VCOI2SOutputFreq_Value,VCOInputFreq_Value,VCOOutputFreq_Value,VCOSAIOutputFreq_Value,VCOSAIOutputFreq_ValueQ,VCOSAIOutputFreq_ValueR,VcooutputI2S,VcooutputI2SQ
PH1/OSC_OUT.Mode=HSE-External-Oscillator
ProjectManager.AskForMigrate=true
Mcu.Name=STM32F429I(E-G)Tx
PF9.GPIOParameters=GPIO_PuPd
ProjectManager.HalAssertFull=false
RCC.RTCHSEDivFreq_Value=12500000
ProjectManager.ProjectName=SPI_Flash
ProjectManager.UnderRoot=true
ProjectManager.CoupleFile=true
RCC.48MHZClocksFreq_Value=90000000
RCC.MCO2PinFreq_Value=180000000
PH10.GPIOParameters=GPIO_Speed,PinState,GPIO_Label
RCC.SYSCLKFreq_VALUE=180000000
Mcu.Package=LQFP176
PH10.GPIO_Speed=GPIO_SPEED_FREQ_MEDIUM
SPI5.BaudRatePrescaler=SPI_BAUDRATEPRESCALER_2
PF8.GPIOParameters=GPIO_PuPd
NVIC.ForceEnableDMAVector=true
KeepUserPlacement=false
PC14/OSC32_IN.Signal=RCC_OSC32_IN
NVIC.MemoryManagement_IRQn=true\:0\:0\:false\:false\:true\:false\:false
PC15/OSC32_OUT.Mode=LSE-External-Oscillator
ProjectManager.CompilerOptimize=6
ProjectManager.ToolChainLocation=
RCC.LSI_VALUE=32000
VP_SYS_VS_Systick.Signal=SYS_VS_Systick
PH12.PinState=GPIO_PIN_SET
PA14.Signal=SYS_JTCK-SWCLK
ProjectManager.HeapSize=0x200
PF8.Signal=SPI5_MISO
NVIC.HardFault_IRQn=true\:0\:0\:false\:false\:true\:false\:false
PF6.GPIOParameters=GPIO_Speed,PinState,GPIO_Label
Mcu.Pin13=VP_SYS_VS_Systick
ProjectManager.ComputerToolchain=false
PF9.Signal=SPI5_MOSI
RCC.HSI_VALUE=16000000
SPI5.CalculateBaudRate=45.0 MBits/s
NVIC.PriorityGroup=NVIC_PRIORITYGROUP_4
RCC.APB2CLKDivider=RCC_HCLK_DIV2
Mcu.Pin11=PA13
Mcu.Pin12=PA14
RCC.PLLM=8
RCC.PLLN=180
Mcu.Pin10=PH12
RCC.APB1TimFreq_Value=90000000
NVIC.BusFault_IRQn=true\:0\:0\:false\:false\:true\:false\:false
PC15/OSC32_OUT.Signal=RCC_OSC32_OUT
PF9.GPIO_PuPd=GPIO_PULLUP
RCC.APB1Freq_Value=45000000
SPI5.IPParameters=VirtualType,Mode,Direction,CalculateBaudRate,BaudRatePrescaler
SPI5.VirtualType=VM_MASTER
ProjectManager.CustomerFirmwarePackage=
ProjectManager.DeviceId=STM32F429IGTx
ProjectManager.LibraryCopy=1
RCC.SAI_AClocksFreq_Value=24500000
SPI5.Direction=SPI_DIRECTION_2LINES
PF6.GPIO_Speed=GPIO_SPEED_FREQ_VERY_HIGH
isbadioc=false
